
Microsoft Visual Studio Solution File, Format Version 12.00
# Visual Studio 2015
Project("{FAE04EC0-301F-11D3-BF4B-00C04F79EFBC}") = "MonolithCoalition.CSharp", "MonolithCoalition.CSharp.csproj", "{947E9249-3467-4BE9-4370-239778BF1BE4}"
EndProject
Project("{FAE04EC0-301F-11D3-BF4B-00C04F79EFBC}") = "MonolithCoalition.CSharp.Editor", "MonolithCoalition.CSharp.Editor.csproj", "{B15D2F05-1A4C-E0F3-A274-E77771CBCD91}"
EndProject
Global
	GlobalSection(SolutionConfigurationPlatforms) = preSolution
		Debug|Any CPU = Debug|Any CPU
		Release|Any CPU = Release|Any CPU
	EndGlobalSection
	GlobalSection(ProjectConfigurationPlatforms) = postSolution
		{947E9249-3467-4BE9-4370-239778BF1BE4}.Debug|Any CPU.ActiveCfg = Debug|Any CPU
		{947E9249-3467-4BE9-4370-239778BF1BE4}.Debug|Any CPU.Build.0 = Debug|Any CPU
		{947E9249-3467-4BE9-4370-239778BF1BE4}.Release|Any CPU.ActiveCfg = Release|Any CPU
		{947E9249-3467-4BE9-4370-239778BF1BE4}.Release|Any CPU.Build.0 = Release|Any CPU
		{B15D2F05-1A4C-E0F3-A274-E77771CBCD91}.Debug|Any CPU.ActiveCfg = Debug|Any CPU
		{B15D2F05-1A4C-E0F3-A274-E77771CBCD91}.Debug|Any CPU.Build.0 = Debug|Any CPU
		{B15D2F05-1A4C-E0F3-A274-E77771CBCD91}.Release|Any CPU.ActiveCfg = Release|Any CPU
		{B15D2F05-1A4C-E0F3-A274-E77771CBCD91}.Release|Any CPU.Build.0 = Release|Any CPU
	EndGlobalSection
	GlobalSection(SolutionProperties) = preSolution
		HideSolutionNode = FALSE
	EndGlobalSection
EndGlobal
